
Microsoft Visual Studio Solution File, Format Version 10.00
# Visual Studio 2008
Project("{FAE04EC0-301F-11D3-BF4B-00C04F79EFBC}") = "CTMapUtils", "CTMapUtils\CTMapUtils.csproj", "{FC0059BE-538E-4A0D-9178-0CB322292BAC}"
EndProject
Project("{FAE04EC0-301F-11D3-BF4B-00C04F79EFBC}") = "CTTestForm", "CTTestForm\CTTestForm.csproj", "{DBC7D47E-E8E7-498D-A59D-146A0F9329C9}"
EndProject
Global
	GlobalSection(SolutionConfigurationPlatforms) = preSolution
		Debug|Any CPU = Debug|Any CPU
		Release|Any CPU = Release|Any CPU
	EndGlobalSection
	GlobalSection(ProjectConfigurationPlatforms) = postSolution
		{FC0059BE-538E-4A0D-9178-0CB322292BAC}.Debug|Any CPU.ActiveCfg = Debug|Any CPU
		{FC0059BE-538E-4A0D-9178-0CB322292BAC}.Debug|Any CPU.Build.0 = Debug|Any CPU
		{FC0059BE-538E-4A0D-9178-0CB322292BAC}.Release|Any CPU.ActiveCfg = Release|Any CPU
		{FC0059BE-538E-4A0D-9178-0CB322292BAC}.Release|Any CPU.Build.0 = Release|Any CPU
		{DBC7D47E-E8E7-498D-A59D-146A0F9329C9}.Debug|Any CPU.ActiveCfg = Debug|Any CPU
		{DBC7D47E-E8E7-498D-A59D-146A0F9329C9}.Debug|Any CPU.Build.0 = Debug|Any CPU
		{DBC7D47E-E8E7-498D-A59D-146A0F9329C9}.Release|Any CPU.ActiveCfg = Release|Any CPU
		{DBC7D47E-E8E7-498D-A59D-146A0F9329C9}.Release|Any CPU.Build.0 = Release|Any CPU
	EndGlobalSection
	GlobalSection(SolutionProperties) = preSolution
		HideSolutionNode = FALSE
	EndGlobalSection
EndGlobal
